// !$*UTF8*$!
{
	archiveVersion = 1;
	classes = {
	};
	objectVersion = 46;
	objects = {

/* Begin PBXBuildFile section */
		7E6360721F7AA753005C07FB /* AppDelegate.swift in Sources */ = {isa = PBXBuildFile; fileRef = 7E6360711F7AA753005C07FB /* AppDelegate.swift */; };
		7E6360741F7AA753005C07FB /* ViewController.swift in Sources */ = {isa = PBXBuildFile; fileRef = 7E6360731F7AA753005C07FB /* ViewController.swift */; };
		7E6360771F7AA753005C07FB /* Main.storyboard in Resources */ = {isa = PBXBuildFile; fileRef = 7E6360751F7AA753005C07FB /* Main.storyboard */; };
		7E6360791F7AA753005C07FB /* Assets.xcassets in Resources */ = {isa = PBXBuildFile; fileRef = 7E6360781F7AA753005C07FB /* Assets.xcassets */; };
		7E63607C1F7AA753005C07FB /* LaunchScreen.storyboard in Resources */ = {isa = PBXBuildFile; fileRef = 7E63607A1F7AA753005C07FB /* LaunchScreen.storyboard */; };
		7E6360841F7AAE45005C07FB /* ParksCollectionViewCell.swift in Sources */ = {isa = PBXBuildFile; fileRef = 7E6360831F7AAE45005C07FB /* ParksCollectionViewCell.swift */; };
/* End PBXBuildFile section */

/* Begin PBXFileReference section */
		7E63606E1F7AA753005C07FB /* CollectionViewDemo.app */ = {isa = PBXFileReference; explicitFileType = wrapper.application; includeInIndex = 0; path = CollectionViewDemo.app; sourceTree = BUILT_PRODUCTS_DIR; };
		7E6360711F7AA753005C07FB /* AppDelegate.swift */ = {isa = PBXFileReference; lastKnownFileType = sourcecode.swift; path = AppDelegate.swift; sourceTree = "<group>"; };
		7E6360731F7AA753005C07FB /* ViewController.swift */ = {isa = PBXFileReference; lastKnownFileType = sourcecode.swift; path = ViewController.swift; sourceTree = "<group>"; };
		7E6360761F7AA753005C07FB /* Base */ = {isa = PBXFileReference; lastKnownFileType = file.storyboard; name = Base; path = Base.lproj/Main.storyboard; sourceTree = "<group>"; };
		7E6360781F7AA753005C07FB /* Assets.xcassets */ = {isa = PBXFileReference; lastKnownFileType = folder.assetcatalog; path = Assets.xcassets; sourceTree = "<group>"; };
		7E63607B1F7AA753005C07FB /* Base */ = {isa = PBXFileReference; lastKnownFileType = file.storyboard; name = Base; path = Base.lproj/LaunchScreen.storyboard; sourceTree = "<group>"; };
		7E63607D1F7AA753005C07FB /* Info.plist */ = {isa = PBXFileReference; lastKnownFileType = text.plist.xml; path = Info.plist; sourceTree = "<group>"; };
		7E6360831F7AAE45005C07FB /* ParksCollectionViewCell.swift */ = {isa = PBXFileReference; fileEncoding = 4; lastKnownFileType = sourcecode.swift; path = ParksCollectionViewCell.swift; sourceTree = "<group>"; };
/* End PBXFileReference section */

/* Begin PBXFrameworksBuildPhase section */
		7E63606B1F7AA753005C07FB /* Frameworks */ = {
			isa = PBXFrameworksBuildPhase;
			buildActionMask = 2147483647;
			files = (
			);
			runOnlyForDeploymentPostprocessing = 0;
		};
/* End PBXFrameworksBuildPhase section */

/* Begin PBXGroup section */
		7E6360651F7AA753005C07FB = {
			isa = PBXGroup;
			children = (
				7E6360701F7AA753005C07FB /* CollectionViewDemo */,
				7E63606F1F7AA753005C07FB /* Products */,
			);
			sourceTree = "<group>";
		};
		7E63606F1F7AA753005C07FB /* Products */ = {
			isa = PBXGroup;
			children = (
				7E63606E1F7AA753005C07FB /* CollectionViewDemo.app */,
			);
			name = Products;
			sourceTree = "<group>";
		};
		7E6360701F7AA753005C07FB /* CollectionViewDemo */ = {
			isa = PBXGroup;
			children = (
				7E6360711F7AA753005C07FB /* AppDelegate.swift */,
				7E6360731F7AA753005C07FB /* ViewController.swift */,
				7E6360831F7AAE45005C07FB /* ParksCollectionViewCell.swift */,
				7E6360751F7AA753005C07FB /* Main.storyboard */,
				7E6360781F7AA753005C07FB /* Assets.xcassets */,
				7E63607A1F7AA753005C07FB /* LaunchScreen.storyboard */,
				7E63607D1F7AA753005C07FB /* Info.plist */,
			);
			path = CollectionViewDemo;
			sourceTree = "<group>";
		};
/* End PBXGroup section */

/* Begin PBXNativeTarget section */
		7E63606D1F7AA753005C07FB /* CollectionViewDemo */ = {
			isa = PBXNativeTarget;
			buildConfigurationList = 7E6360801F7AA753005C07FB /* Build configuration list for PBXNativeTarget "CollectionViewDemo" */;
			buildPhases = (
				7E63606A1F7AA753005C07FB /* Sources */,
				7E63606B1F7AA753005C07FB /* Frameworks */,
				7E63606C1F7AA753005C07FB /* Resources */,
			);
			buildRules = (
			);
			dependencies = (
			);
			name = CollectionViewDemo;
			productName = CollectionViewDemo;
			productReference = 7E63606E1F7AA753005C07FB /* CollectionViewDemo.app */;
			productType = "com.apple.product-type.application";
		};
/* End PBXNativeTarget section */

/* Begin PBXProject section */
		7E6360661F7AA753005C07FB /* Project object */ = {
			isa = PBXProject;
			attributes = {
				LastSwiftUpdateCheck = 0830;
				LastUpgradeCheck = 0830;
				ORGANIZATIONNAME = fatsjohonimahnn;
				TargetAttributes = {
					7E63606D1F7AA753005C07FB = {
						CreatedOnToolsVersion = 8.3.3;
						DevelopmentTeam = MGZJFP2D98;
						ProvisioningStyle = Automatic;
					};
				};
			};
			buildConfigurationList = 7E6360691F7AA753005C07FB /* Build configuration list for PBXProject "CollectionViewDemo" */;
			compatibilityVersion = "Xcode 3.2";
			developmentRegion = English;
			hasScannedForEncodings = 0;
			knownRegions = (
				en,
				Base,
			);
			mainGroup = 7E6360651F7AA753005C07FB;
			productRefGroup = 7E63606F1F7AA753005C07FB /* Products */;
			projectDirPath = "";
			projectRoot = "";
			targets = (
				7E63606D1F7AA753005C07FB /* CollectionViewDemo */,
			);
		};
/* End PBXProject section */

/* Begin PBXResourcesBuildPhase section */
		7E63606C1F7AA753005C07FB /* Resources */ = {
			isa = PBXResourcesBuildPhase;
			buildActionMask = 2147483647;
			files = (
				7E63607C1F7AA753005C07FB /* LaunchScreen.storyboard in Resources */,
				7E6360791F7AA753005C07FB /* Assets.xcassets in Resources */,
				7E6360771F7AA753005C07FB /* Main.storyboard in Resources */,
			);
			runOnlyForDeploymentPostprocessing = 0;
		};
/* End PBXResourcesBuildPhase section */

/* Begin PBXSourcesBuildPhase section */
		7E63606A1F7AA753005C07FB /* Sources */ = {
			isa = PBXSourcesBuildPhase;
			buildActionMask = 2147483647;
			files = (
				7E6360741F7AA753005C07FB /* ViewController.swift in Sources */,
				7E6360841F7AAE45005C07FB /* ParksCollectionViewCell.swift in Sources */,
				7E6360721F7AA753005C07FB /* AppDelegate.swift in Sources */,
			);
			runOnlyForDeploymentPostprocessing = 0;
		};
/* End PBXSourcesBuildPhase section */

/* Begin PBXVariantGroup section */
		7E6360751F7AA753005C07FB /* Main.storyboard */ = {
			isa = PBXVariantGroup;
			children = (
				7E6360761F7AA753005C07FB /* Base */,
			);
			name = Main.storyboard;
			sourceTree = "<group>";
		};
		7E63607A1F7AA753005C07FB /* LaunchScreen.storyboard */ = {
			isa = PBXVariantGroup;
			children = (
				7E63607B1F7AA753005C07FB /* Base */,
			);
			name = LaunchScreen.storyboard;
			sourceTree = "<group>";
		};
/* End PBXVariantGroup section */

/* Begin XCBuildConfiguration section */
		7E63607E1F7AA753005C07FB /* Debug */ = {
			isa = XCBuildConfiguration;
			buildSettings = {
				ALWAYS_SEARCH_USER_PATHS = NO;
				CLANG_ANALYZER_NONNULL = YES;
				CLANG_ANALYZER_NUMBER_OBJECT_CONVERSION = YES_AGGRESSIVE;
				CLANG_CXX_LANGUAGE_STANDARD = "gnu++0x";
				CLANG_CXX_LIBRARY = "libc++";
				CLANG_ENABLE_MODULES = YES;
				CLANG_ENABLE_OBJC_ARC = YES;
				CLANG_WARN_BOOL_CONVERSION = YES;
				CLANG_WARN_CONSTANT_CONVERSION = YES;
				CLANG_WARN_DIRECT_OBJC_ISA_USAGE = YES_ERROR;
				CLANG_WARN_DOCUMENTATION_COMMENTS = YES;
				CLANG_WARN_EMPTY_BODY = YES;
				CLANG_WARN_ENUM_CONVERSION = YES;
				CLANG_WARN_INFINITE_RECURSION = YES;
				CLANG_WARN_INT_CONVERSION = YES;
				CLANG_WARN_OBJC_ROOT_CLASS = YES_ERROR;
				CLANG_WARN_SUSPICIOUS_MOVE = YES;
				CLANG_WARN_UNREACHABLE_CODE = YES;
				CLANG_WARN__DUPLICATE_METHOD_MATCH = YES;
				"CODE_SIGN_IDENTITY[sdk=iphoneos*]" = "iPhone Developer";
				COPY_PHASE_STRIP = NO;
				DEBUG_INFORMATION_FORMAT = dwarf;
				ENABLE_STRICT_OBJC_MSGSEND = YES;
				ENABLE_TESTABILITY = YES;
				GCC_C_LANGUAGE_STANDARD = gnu99;
				GCC_DYNAMIC_NO_PIC = NO;
				GCC_NO_COMMON_BLOCKS = YES;
				GCC_OPTIMIZATION_LEVEL = 0;
				GCC_PREPROCESSOR_DEFINITIONS = (
					"DEBUG=1",
					"$(inherited)",
				);
				GCC_WARN_64_TO_32_BIT_CONVERSION = YES;
				GCC_WARN_ABOUT_RETURN_TYPE = YES_ERROR;
				GCC_WARN_UNDECLARED_SELECTOR = YES;
				GCC_WARN_UNINITIALIZED_AUTOS = YES_AGGRESSIVE;
				GCC_WARN_UNUSED_FUNCTION = YES;
				GCC_WARN_UNUSED_VARIABLE = YES;
				IPHONEOS_DEPLOYMENT_TARGET = 10.3;
				MTL_ENABLE_DEBUG_INFO = YES;
				ONLY_ACTIVE_ARCH = YES;
				SDKROOT = iphoneos;
				SWIFT_ACTIVE_COMPILATION_CONDITIONS = DEBUG;
				SWIFT_OPTIMIZATION_LEVEL = "-Onone";
				TARGETED_DEVICE_FAMILY = "1,2";
			};
			name = Debug;
		};
		7E63607F1F7AA753005C07FB /* Release */ = {
			isa = XCBuildConfiguration;
			buildSettings = {
				ALWAYS_SEARCH_USER_PATHS = NO;
				CLANG_ANALYZER_NONNULL = YES;
				CLANG_ANALYZER_NUMBER_OBJECT_CONVERSION = YES_AGGRESSIVE;
				CLANG_CXX_LANGUAGE_STANDARD = "gnu++0x";
				CLANG_CXX_LIBRARY = "libc++";
				CLANG_ENABLE_MODULES = YES;
				CLANG_ENABLE_OBJC_ARC = YES;
				CLANG_WARN_BOOL_CONVERSION = YES;
				CLANG_WARN_CONSTANT_CONVERSION = YES;
				CLANG_WARN_DIRECT_OBJC_ISA_USAGE = YES_ERROR;
				CLANG_WARN_DOCUMENTATION_COMMENTS = YES;
				CLANG_WARN_EMPTY_BODY = YES;
				CLANG_WARN_ENUM_CONVERSION = YES;
				CLANG_WARN_INFINITE_RECURSION = YES;
				CLANG_WARN_INT_CONVERSION = YES;
				CLANG_WARN_OBJC_ROOT_CLASS = YES_ERROR;
				CLANG_WARN_SUSPICIOUS_MOVE = YES;
				CLANG_WARN_UNREACHABLE_CODE = YES;
				CLANG_WARN__DUPLICATE_METHOD_MATCH = YES;
				"CODE_SIGN_IDENTITY[sdk=iphoneos*]" = "iPhone Developer";
				COPY_PHASE_STRIP = NO;
				DEBUG_INFORMATION_FORMAT = "dwarf-with-dsym";
				ENABLE_NS_ASSERTIONS = NO;
				ENABLE_STRICT_OBJC_MSGSEND = YES;
				GCC_C_LANGUAGE_STANDARD = gnu99;
				GCC_NO_COMMON_BLOCKS = YES;
				GCC_WARN_64_TO_32_BIT_CONVERSION = YES;
				GCC_WARN_ABOUT_RETURN_TYPE = YES_ERROR;
				GCC_WARN_UNDECLARED_SELECTOR = YES;
				GCC_WARN_UNINITIALIZED_AUTOS = YES_AGGRESSIVE;
				GCC_WARN_UNUSED_FUNCTION = YES;
				GCC_WARN_UNUSED_VARIABLE = YES;
				IPHONEOS_DEPLOYMENT_TARGET = 10.3;
				MTL_ENABLE_DEBUG_INFO = NO;
				SDKROOT = iphoneos;
				SWIFT_OPTIMIZATION_LEVEL = "-Owholemodule";
				TARGETED_DEVICE_FAMILY = "1,2";
				VALIDATE_PRODUCT = YES;
			};
			name = Release;
		};
		7E6360811F7AA753005C07FB /* Debug */ = {
			isa = XCBuildConfiguration;
			buildSettings = {
				ASSETCATALOG_COMPILER_APPICON_NAME = AppIcon;
				DEVELOPMENT_TEAM = MGZJFP2D98;
				INFOPLIST_FILE = CollectionViewDemo/Info.plist;
				LD_RUNPATH_SEARCH_PATHS = "$(inherited) @executable_path/Frameworks";
				PRODUCT_BUNDLE_IDENTIFIER = com.fatsjohonimahnn.CollectionViewDemo;
				PRODUCT_NAME = "$(TARGET_NAME)";
				SWIFT_VERSION = 3.0;
			};
			name = Debug;
		};
		7E6360821F7AA753005C07FB /* Release */ = {
			isa = XCBuildConfiguration;
			buildSettings = {
				ASSETCATALOG_COMPILER_APPICON_NAME = AppIcon;
				DEVELOPMENT_TEAM = MGZJFP2D98;
				INFOPLIST_FILE = CollectionViewDemo/Info.plist;
				LD_RUNPATH_SEARCH_PATHS = "$(inherited) @executable_path/Frameworks";
				PRODUCT_BUNDLE_IDENTIFIER = com.fatsjohonimahnn.CollectionViewDemo;
				PRODUCT_NAME = "$(TARGET_NAME)";
				SWIFT_VERSION = 3.0;
			};
			name = Release;
		};
/* End XCBuildConfiguration section */

/* Begin XCConfigurationList section */
		7E6360691F7AA753005C07FB /* Build configuration list for PBXProject "CollectionViewDemo" */ = {
			isa = XCConfigurationList;
			buildConfigurations = (
				7E63607E1F7AA753005C07FB /* Debug */,
				7E63607F1F7AA753005C07FB /* Release */,
			);
			defaultConfigurationIsVisible = 0;
			defaultConfigurationName = Release;
		};
		7E6360801F7AA753005C07FB /* Build configuration list for PBXNativeTarget "CollectionViewDemo" */ = {
			isa = XCConfigurationList;
			buildConfigurations = (
				7E6360811F7AA753005C07FB /* Debug */,
				7E6360821F7AA753005C07FB /* Release */,
			);
			defaultConfigurationIsVisible = 0;
		};
/* End XCConfigurationList section */
	};
	rootObject = 7E6360661F7AA753005C07FB /* Project object */;
}
